
Microsoft Visual Studio Solution File, Format Version 12.00
# Visual Studio 15
VisualStudioVersion = 15.0.28010.2026
MinimumVisualStudioVersion = 10.0.40219.1
Project("{FAE04EC0-301F-11D3-BF4B-00C04F79EFBC}") = "AirlineReservation", "AirlineReservation\AirlineReservation.csproj", "{8CE1B086-4CE4-43DA-9695-805D104E31DD}"
EndProject
Global
	GlobalSection(SolutionConfigurationPlatforms) = preSolution
		Debug|Any CPU = Debug|Any CPU
		Release|Any CPU = Release|Any CPU
	EndGlobalSection
	GlobalSection(ProjectConfigurationPlatforms) = postSolution
		{8CE1B086-4CE4-43DA-9695-805D104E31DD}.Debug|Any CPU.ActiveCfg = Debug|Any CPU
		{8CE1B086-4CE4-43DA-9695-805D104E31DD}.Debug|Any CPU.Build.0 = Debug|Any CPU
		{8CE1B086-4CE4-43DA-9695-805D104E31DD}.Release|Any CPU.ActiveCfg = Release|Any CPU
		{8CE1B086-4CE4-43DA-9695-805D104E31DD}.Release|Any CPU.Build.0 = Release|Any CPU
	EndGlobalSection
	GlobalSection(SolutionProperties) = preSolution
		HideSolutionNode = FALSE
	EndGlobalSection
	GlobalSection(ExtensibilityGlobals) = postSolution
		SolutionGuid = {94116F46-0652-4E4A-95AD-AA7F7E37B857}
	EndGlobalSection
EndGlobal
